<?xml version="1.0" encoding="utf-8"?>
<Project ToolsVersion="4.0" xmlns="http://schemas.microsoft.com/developer/msbuild/2003">
  <ItemGroup>
    <Filter Include="소스 파일">
      <UniqueIdentifier>{4FC737F1-C7A5-4376-A066-2A32D752A2FF}</UniqueIdentifier>
      <Extensions>cpp;c;cc;cxx;def;odl;idl;hpj;bat;asm;asmx</Extensions>
    </Filter>
    <Filter Include="헤더 파일">
      <UniqueIdentifier>{93995380-89BD-4b04-88EB-625FBE52EBFB}</UniqueIdentifier>
      <Extensions>h;hpp;hxx;hm;inl;inc;xsd</Extensions>
    </Filter>
    <Filter Include="리소스 파일">
      <UniqueIdentifier>{67DA6AB6-F800-4c08-8B7A-83BB121AAD01}</UniqueIdentifier>
      <Extensions>rc;ico;cur;bmp;dlg;rc2;rct;bin;rgs;gif;jpg;jpeg;jpe;resx;tiff;tif;png;wav;mfcribbon-ms</Extensions>
    </Filter>
    <Filter Include="소스 파일\Scenes">
      <UniqueIdentifier>{a866938a-80e5-4651-9c77-34191901cea6}</UniqueIdentifier>
    </Filter>
    <Filter Include="소스 파일\Components">
      <UniqueIdentifier>{cff6e26f-4885-40b6-b7c7-71190ea25174}</UniqueIdentifier>
    </Filter>
    <Filter Include="헤더 파일\Components">
      <UniqueIdentifier>{a291fb55-93aa-47a4-b704-17553a2acc82}</UniqueIdentifier>
    </Filter>
    <Filter Include="소스 파일\Objects">
      <UniqueIdentifier>{71279448-0b57-4361-ae2c-a0591a369d67}</UniqueIdentifier>
    </Filter>
    <Filter Include="헤더 파일\Objects">
      <UniqueIdentifier>{6651359d-d625-444b-823e-272a7159c4b4}</UniqueIdentifier>
    </Filter>
    <Filter Include="헤더 파일\Scenes">
      <UniqueIdentifier>{16de45d1-919e-4754-9a1a-02d8a490c7c5}</UniqueIdentifier>
    </Filter>
    <Filter Include="헤더 파일\Animators">
      <UniqueIdentifier>{b707ce92-da13-4f25-9286-24e86c67ef4f}</UniqueIdentifier>
    </Filter>
    <Filter Include="소스 파일\Animators">
      <UniqueIdentifier>{ca597f31-2ec4-4d49-9070-c2d2ede3ebf0}</UniqueIdentifier>
    </Filter>
    <Filter Include="소스 파일\Enums">
      <UniqueIdentifier>{1172d6bf-f0ec-4e74-9796-13b03c74030e}</UniqueIdentifier>
    </Filter>
    <Filter Include="헤더 파일\Enums">
      <UniqueIdentifier>{6c0ba0c3-2c2d-47a3-8619-f5933c8d1a56}</UniqueIdentifier>
    </Filter>
    <Filter Include="소스 파일\Managers">
      <UniqueIdentifier>{9452ad60-b748-445a-a0df-960a95f09813}</UniqueIdentifier>
    </Filter>
    <Filter Include="소스 파일\Factories">
      <UniqueIdentifier>{0826e6ea-6c24-47d0-b2ca-81bb10f77bd3}</UniqueIdentifier>
    </Filter>
    <Filter Include="헤더 파일\Factories">
      <UniqueIdentifier>{ef918efb-428b-4734-96e8-dc147d15485e}</UniqueIdentifier>
    </Filter>
    <Filter Include="헤더 파일\Managers">
      <UniqueIdentifier>{fb30213d-de76-4ff3-ba60-63209e3a4a6d}</UniqueIdentifier>
    </Filter>
    <Filter Include="헤더 파일\GameObjectComponents">
      <UniqueIdentifier>{6850d450-e8e4-491e-a024-cee5be19588d}</UniqueIdentifier>
    </Filter>
    <Filter Include="소스 파일\GameObjectComponents">
      <UniqueIdentifier>{eb4f53cb-abad-4bef-bede-092d3e703a3a}</UniqueIdentifier>
    </Filter>
    <Filter Include="헤더 파일\Animations">
      <UniqueIdentifier>{cb44e32e-438f-4cf8-9de8-7d757cbf11e5}</UniqueIdentifier>
    </Filter>
    <Filter Include="소스 파일\Animations">
      <UniqueIdentifier>{f29ac6d4-314e-43b9-9ef7-5379e841ed6c}</UniqueIdentifier>
    </Filter>
  </ItemGroup>
  <ItemGroup>
    <None Include="ReadMe.txt" />
    <None Include="UserImages.bmp">
      <Filter>리소스 파일</Filter>
    </None>
    <None Include="res\Game.ico">
      <Filter>리소스 파일</Filter>
    </None>
    <None Include="res\Bean.bmp">
      <Filter>리소스 파일</Filter>
    </None>
    <None Include="res\Cannon.bmp">
      <Filter>리소스 파일</Filter>
    </None>
    <None Include="res\GameStartBT.bmp">
      <Filter>리소스 파일</Filter>
    </None>
    <None Include="res\QuitGameBT.bmp">
      <Filter>리소스 파일</Filter>
    </None>
    <None Include="res\Coin.bmp">
      <Filter>리소스 파일</Filter>
    </None>
    <None Include="res\Wall.bmp">
      <Filter>리소스 파일</Filter>
    </None>
    <None Include="res\Title.bmp">
      <Filter>리소스 파일</Filter>
    </None>
    <None Include="res\BackGround.bmp">
      <Filter>리소스 파일</Filter>
    </None>
    <None Include=".editorconfig" />
  </ItemGroup>
  <ItemGroup>
    <ClInclude Include="Game.h">
      <Filter>헤더 파일</Filter>
    </ClInclude>
    <ClInclude Include="stdafx.h">
      <Filter>헤더 파일</Filter>
    </ClInclude>
    <ClInclude Include="targetver.h">
      <Filter>헤더 파일</Filter>
    </ClInclude>
    <ClInclude Include="MainFrm.h">
      <Filter>헤더 파일</Filter>
    </ClInclude>
    <ClInclude Include="GameDoc.h">
      <Filter>헤더 파일</Filter>
    </ClInclude>
    <ClInclude Include="Resource.h">
      <Filter>헤더 파일</Filter>
    </ClInclude>
    <ClInclude Include="DataSet.h">
      <Filter>헤더 파일</Filter>
    </ClInclude>
    <ClInclude Include="ScoreBoard.h">
      <Filter>헤더 파일</Filter>
    </ClInclude>
    <ClInclude Include="StartMenuScene.h">
      <Filter>헤더 파일\Scenes</Filter>
    </ClInclude>
    <ClInclude Include="Bullet.h">
      <Filter>헤더 파일\Objects</Filter>
    </ClInclude>
    <ClInclude Include="Coin.h">
      <Filter>헤더 파일\Objects</Filter>
    </ClInclude>
    <ClInclude Include="Ground.h">
      <Filter>헤더 파일\Objects</Filter>
    </ClInclude>
    <ClInclude Include="Player.h">
      <Filter>헤더 파일\Objects</Filter>
    </ClInclude>
    <ClInclude Include="PlayerAnimator.h">
      <Filter>헤더 파일\Animators</Filter>
    </ClInclude>
    <ClInclude Include="LayerID.h">
      <Filter>헤더 파일\Enums</Filter>
    </ClInclude>
    <ClInclude Include="InGameScene.h">
      <Filter>헤더 파일\Scenes</Filter>
    </ClInclude>
    <ClInclude Include="SceneID.h">
      <Filter>헤더 파일\Enums</Filter>
    </ClInclude>
    <ClInclude Include="BackGround.h">
      <Filter>헤더 파일\Objects</Filter>
    </ClInclude>
    <ClInclude Include="GameScene.h">
      <Filter>헤더 파일\Scenes</Filter>
    </ClInclude>
    <ClInclude Include="GameObject.h">
      <Filter>헤더 파일\Objects</Filter>
    </ClInclude>
    <ClInclude Include="IGameObject.h">
      <Filter>헤더 파일\Objects</Filter>
    </ClInclude>
    <ClInclude Include="IGameObjectFactory.h">
      <Filter>헤더 파일\Factories</Filter>
    </ClInclude>
    <ClInclude Include="GameObjectFactory.h">
      <Filter>헤더 파일\Factories</Filter>
    </ClInclude>
    <ClInclude Include="Enemy.h">
      <Filter>헤더 파일\Objects</Filter>
    </ClInclude>
    <ClInclude Include="GameManager.h">
      <Filter>헤더 파일\Managers</Filter>
    </ClInclude>
    <ClInclude Include="GameObjectTag.h">
      <Filter>헤더 파일\Enums</Filter>
    </ClInclude>
    <ClInclude Include="GroundPatternID.h">
      <Filter>헤더 파일\Enums</Filter>
    </ClInclude>
    <ClInclude Include="Wall.h">
      <Filter>헤더 파일\Objects</Filter>
    </ClInclude>
    <ClInclude Include="InputManager.h">
      <Filter>헤더 파일\Managers</Filter>
    </ClInclude>
    <ClInclude Include="Animator.h">
      <Filter>헤더 파일\GameObjectComponents</Filter>
    </ClInclude>
    <ClInclude Include="Collider.h">
      <Filter>헤더 파일\GameObjectComponents</Filter>
    </ClInclude>
    <ClInclude Include="GameComponent.h">
      <Filter>헤더 파일\GameObjectComponents</Filter>
    </ClInclude>
    <ClInclude Include="Rigidbody.h">
      <Filter>헤더 파일\GameObjectComponents</Filter>
    </ClInclude>
    <ClInclude Include="Collision.h">
      <Filter>헤더 파일\Components</Filter>
    </ClInclude>
    <ClInclude Include="Transform.h">
      <Filter>헤더 파일\Components</Filter>
    </ClInclude>
    <ClInclude Include="Vector2.h">
      <Filter>헤더 파일\Components</Filter>
    </ClInclude>
    <ClInclude Include="Animation.h">
      <Filter>헤더 파일\Components</Filter>
    </ClInclude>
    <ClInclude Include="Sprite.h">
      <Filter>헤더 파일\Components</Filter>
    </ClInclude>
    <ClInclude Include="SpriteRenderer.h">
      <Filter>헤더 파일\GameObjectComponents</Filter>
    </ClInclude>
    <ClInclude Include="PlayerStateID.h">
      <Filter>헤더 파일\Enums</Filter>
    </ClInclude>
    <ClInclude Include="PlayerWalkingAnimation.h">
      <Filter>헤더 파일\Animations</Filter>
    </ClInclude>
    <ClInclude Include="PlayerJumpingAnimation.h">
      <Filter>헤더 파일\Animations</Filter>
    </ClInclude>
  </ItemGroup>
  <ItemGroup>
    <ClCompile Include="Game.cpp">
      <Filter>소스 파일</Filter>
    </ClCompile>
    <ClCompile Include="stdafx.cpp">
      <Filter>소스 파일</Filter>
    </ClCompile>
    <ClCompile Include="MainFrm.cpp">
      <Filter>소스 파일</Filter>
    </ClCompile>
    <ClCompile Include="GameDoc.cpp">
      <Filter>소스 파일</Filter>
    </ClCompile>
    <ClCompile Include="DataSet.cpp">
      <Filter>소스 파일</Filter>
    </ClCompile>
    <ClCompile Include="ScoreBoard.cpp">
      <Filter>소스 파일</Filter>
    </ClCompile>
    <ClCompile Include="StartMenuScene.cpp">
      <Filter>소스 파일\Scenes</Filter>
    </ClCompile>
    <ClCompile Include="Bullet.cpp">
      <Filter>소스 파일\Objects</Filter>
    </ClCompile>
    <ClCompile Include="Coin.cpp">
      <Filter>소스 파일\Objects</Filter>
    </ClCompile>
    <ClCompile Include="Ground.cpp">
      <Filter>소스 파일\Objects</Filter>
    </ClCompile>
    <ClCompile Include="Player.cpp">
      <Filter>소스 파일\Objects</Filter>
    </ClCompile>
    <ClCompile Include="PlayerAnimator.cpp">
      <Filter>소스 파일\Animators</Filter>
    </ClCompile>
    <ClCompile Include="LayerID.cpp">
      <Filter>소스 파일\Enums</Filter>
    </ClCompile>
    <ClCompile Include="InGameScene.cpp">
      <Filter>소스 파일\Scenes</Filter>
    </ClCompile>
    <ClCompile Include="SceneID.cpp">
      <Filter>소스 파일\Enums</Filter>
    </ClCompile>
    <ClCompile Include="BackGround.cpp">
      <Filter>소스 파일\Objects</Filter>
    </ClCompile>
    <ClCompile Include="GameScene.cpp">
      <Filter>소스 파일\Scenes</Filter>
    </ClCompile>
    <ClCompile Include="GameObject.cpp">
      <Filter>소스 파일\Objects</Filter>
    </ClCompile>
    <ClCompile Include="IGameObject.cpp">
      <Filter>소스 파일\Objects</Filter>
    </ClCompile>
    <ClCompile Include="IGameObjectFactory.cpp">
      <Filter>소스 파일\Factories</Filter>
    </ClCompile>
    <ClCompile Include="GameObjectFactory.cpp">
      <Filter>소스 파일\Factories</Filter>
    </ClCompile>
    <ClCompile Include="Enemy.cpp">
      <Filter>소스 파일\Objects</Filter>
    </ClCompile>
    <ClCompile Include="GameManager.cpp">
      <Filter>소스 파일\Managers</Filter>
    </ClCompile>
    <ClCompile Include="GameObjectTag.cpp">
      <Filter>소스 파일\Enums</Filter>
    </ClCompile>
    <ClCompile Include="GroundPatternID.cpp">
      <Filter>소스 파일\Enums</Filter>
    </ClCompile>
    <ClCompile Include="Wall.cpp">
      <Filter>소스 파일\Objects</Filter>
    </ClCompile>
    <ClCompile Include="InputManager.cpp">
      <Filter>소스 파일\Managers</Filter>
    </ClCompile>
    <ClCompile Include="Animator.cpp">
      <Filter>소스 파일\GameObjectComponents</Filter>
    </ClCompile>
    <ClCompile Include="Collider.cpp">
      <Filter>소스 파일\GameObjectComponents</Filter>
    </ClCompile>
    <ClCompile Include="GameComponent.cpp">
      <Filter>소스 파일\GameObjectComponents</Filter>
    </ClCompile>
    <ClCompile Include="Rigidbody.cpp">
      <Filter>소스 파일\GameObjectComponents</Filter>
    </ClCompile>
    <ClCompile Include="Animation.cpp">
      <Filter>소스 파일\Components</Filter>
    </ClCompile>
    <ClCompile Include="Collision.cpp">
      <Filter>소스 파일\Components</Filter>
    </ClCompile>
    <ClCompile Include="Vector2.cpp">
      <Filter>소스 파일\Components</Filter>
    </ClCompile>
    <ClCompile Include="Transform.cpp">
      <Filter>소스 파일\Components</Filter>
    </ClCompile>
    <ClCompile Include="Sprite.cpp">
      <Filter>소스 파일\Components</Filter>
    </ClCompile>
    <ClCompile Include="SpriteRenderer.cpp">
      <Filter>소스 파일\GameObjectComponents</Filter>
    </ClCompile>
    <ClCompile Include="PlayerStateID.cpp">
      <Filter>소스 파일\Enums</Filter>
    </ClCompile>
    <ClCompile Include="PlayerWalkingAnimation.cpp">
      <Filter>소스 파일\Animations</Filter>
    </ClCompile>
    <ClCompile Include="PlayerJumpingAnimation.cpp">
      <Filter>소스 파일\Animations</Filter>
    </ClCompile>
  </ItemGroup>
  <ItemGroup>
    <ResourceCompile Include="Game.rc">
      <Filter>리소스 파일</Filter>
    </ResourceCompile>
  </ItemGroup>
  <ItemGroup>
    <Image Include="res\BirdWalk1.bmp">
      <Filter>리소스 파일</Filter>
    </Image>
    <Image Include="res\BirdWalk2.bmp">
      <Filter>리소스 파일</Filter>
    </Image>
    <Image Include="res\BirdWalk3.bmp">
      <Filter>리소스 파일</Filter>
    </Image>
    <Image Include="res\BirdWalk4.bmp">
      <Filter>리소스 파일</Filter>
    </Image>
    <Image Include="res\BirdFly1.bmp">
      <Filter>리소스 파일</Filter>
    </Image>
    <Image Include="res\BirdFly2.bmp">
      <Filter>리소스 파일</Filter>
    </Image>
    <Image Include="res\BirdAttack1.bmp">
      <Filter>리소스 파일</Filter>
    </Image>
    <Image Include="res\BirdAttack2.bmp">
      <Filter>리소스 파일</Filter>
    </Image>
    <Image Include="res\BirdDie.bmp">
      <Filter>리소스 파일</Filter>
    </Image>
    <Image Include="res\GameDoc.ico">
      <Filter>리소스 파일</Filter>
    </Image>
    <Image Include="res\Toolbar.bmp">
      <Filter>리소스 파일</Filter>
    </Image>
    <Image Include="res\Toolbar256.bmp">
      <Filter>리소스 파일</Filter>
    </Image>
    <Image Include="res\bitmap4.bmp">
      <Filter>리소스 파일</Filter>
    </Image>
    <Image Include="res\GroundLeft.bmp">
      <Filter>리소스 파일</Filter>
    </Image>
    <Image Include="res\GroundMid.bmp">
      <Filter>리소스 파일</Filter>
    </Image>
    <Image Include="res\GroundRight.bmp">
      <Filter>리소스 파일</Filter>
    </Image>
    <Image Include="res\GroundSingle.bmp">
      <Filter>리소스 파일</Filter>
    </Image>
    <Image Include="res\BirdJump1.bmp">
      <Filter>리소스 파일</Filter>
    </Image>
    <Image Include="res\BirdJump2.bmp">
      <Filter>리소스 파일</Filter>
    </Image>
  </ItemGroup>
</Project>